{
  "name": "oc---dynamisez-une-page-web-avec-des-animations-css",
  "version": "1.0.0",
  "lockfileVersion": 2,
  "requires": true,
  "packages": {
    "": {
      "name": "oc---dynamisez-une-page-web-avec-des-animations-css",
      "version": "1.0.0",
      "license": "ISC",
      "dependencies": {
        "the-new-css-reset": "^1.5.1"
      }
    },
    "node_modules/the-new-css-reset": {
      "version": "1.6.0",
      "resolved": "https://registry.npmjs.org/the-new-css-reset/-/the-new-css-reset-1.6.0.tgz",
      "integrity": "sha512-G7nbNfxqBzsuor/zErUZZ9SYvRIw/56dxs2/Bq53EhSjQrb0D6FLmhpM38FU3v9ELWwc85arozGZ82mJahGLYQ=="
    }
  },
  "dependencies": {
    "the-new-css-reset": {
      "version": "1.6.0",
      "resolved": "https://registry.npmjs.org/the-new-css-reset/-/the-new-css-reset-1.6.0.tgz",
      "integrity": "sha512-G7nbNfxqBzsuor/zErUZZ9SYvRIw/56dxs2/Bq53EhSjQrb0D6FLmhpM38FU3v9ELWwc85arozGZ82mJahGLYQ=="
    }
  }
}
